
Microsoft Visual Studio Solution File, Format Version 12.00
# Visual Studio Version 17
VisualStudioVersion = 17.13.35806.99 d17.13
MinimumVisualStudioVersion = 10.0.40219.1
Project("{FAE04EC0-301F-11D3-BF4B-00C04F79EFBC}") = "InsuranceTests", "InsuranceTests\InsuranceTests.csproj", "{C952A87A-B226-4106-951A-00DC8A7E42FA}"
EndProject
Global
	GlobalSection(SolutionConfigurationPlatforms) = preSolution
		Debug|Any CPU = Debug|Any CPU
		Release|Any CPU = Release|Any CPU
	EndGlobalSection
	GlobalSection(ProjectConfigurationPlatforms) = postSolution
		{C952A87A-B226-4106-951A-00DC8A7E42FA}.Debug|Any CPU.ActiveCfg = Debug|Any CPU
		{C952A87A-B226-4106-951A-00DC8A7E42FA}.Debug|Any CPU.Build.0 = Debug|Any CPU
		{C952A87A-B226-4106-951A-00DC8A7E42FA}.Release|Any CPU.ActiveCfg = Release|Any CPU
		{C952A87A-B226-4106-951A-00DC8A7E42FA}.Release|Any CPU.Build.0 = Release|Any CPU
	EndGlobalSection
	GlobalSection(SolutionProperties) = preSolution
		HideSolutionNode = FALSE
	EndGlobalSection
	GlobalSection(ExtensibilityGlobals) = postSolution
		SolutionGuid = {69304F1B-0741-4FC5-9AA8-991698CAD598}
	EndGlobalSection
EndGlobal
